// !$*UTF8*$!
{
	archiveVersion = 1;
	classes = {
	};
	objectVersion = 50;
	objects = {

/* Begin PBXBuildFile section */
		13065A3F21863FF00044DB50 /* XYDebugKit.h in Headers */ = {isa = PBXBuildFile; fileRef = 13065A3D21863FF00044DB50 /* XYDebugKit.h */; settings = {ATTRIBUTES = (Public, ); }; };
		13065A47218640070044DB50 /* DebugConfiguration.swift in Sources */ = {isa = PBXBuildFile; fileRef = 13065A46218640070044DB50 /* DebugConfiguration.swift */; };
		13065A492186401A0044DB50 /* UserDefaultsDebugConfiguration.swift in Sources */ = {isa = PBXBuildFile; fileRef = 13065A482186401A0044DB50 /* UserDefaultsDebugConfiguration.swift */; };
		13065A4C218640530044DB50 /* DebugConfigurationsViewController.swift in Sources */ = {isa = PBXBuildFile; fileRef = 13065A4B218640530044DB50 /* DebugConfigurationsViewController.swift */; };
		13065A4F218640BE0044DB50 /* UITableView+Registration.swift in Sources */ = {isa = PBXBuildFile; fileRef = 13065A4E218640BE0044DB50 /* UITableView+Registration.swift */; };
		13065A53218642A30044DB50 /* DebugCell.swift in Sources */ = {isa = PBXBuildFile; fileRef = 13065A52218642A30044DB50 /* DebugCell.swift */; };
		13065A56218644530044DB50 /* DebugViewController.swift in Sources */ = {isa = PBXBuildFile; fileRef = 13065A55218644530044DB50 /* DebugViewController.swift */; };
		13065A582186453F0044DB50 /* UIView+Autolayout.swift in Sources */ = {isa = PBXBuildFile; fileRef = 13065A572186453F0044DB50 /* UIView+Autolayout.swift */; };
		13065A60218646780044DB50 /* AppDelegate.swift in Sources */ = {isa = PBXBuildFile; fileRef = 13065A5F218646780044DB50 /* AppDelegate.swift */; };
		13065A67218646850044DB50 /* Assets.xcassets in Resources */ = {isa = PBXBuildFile; fileRef = 13065A66218646850044DB50 /* Assets.xcassets */; };
		13065A6A218646850044DB50 /* LaunchScreen.storyboard in Resources */ = {isa = PBXBuildFile; fileRef = 13065A68218646850044DB50 /* LaunchScreen.storyboard */; };
		13065A72218646DD0044DB50 /* AppCoordinator.swift in Sources */ = {isa = PBXBuildFile; fileRef = 13065A71218646DD0044DB50 /* AppCoordinator.swift */; };
		13065A74218647840044DB50 /* RootViewController.swift in Sources */ = {isa = PBXBuildFile; fileRef = 13065A73218647840044DB50 /* RootViewController.swift */; };
		13065A75218648D70044DB50 /* XYDebugKit.framework in Frameworks */ = {isa = PBXBuildFile; fileRef = 13065A3A21863FF00044DB50 /* XYDebugKit.framework */; };
		13065A76218648D70044DB50 /* XYDebugKit.framework in Embed Frameworks */ = {isa = PBXBuildFile; fileRef = 13065A3A21863FF00044DB50 /* XYDebugKit.framework */; settings = {ATTRIBUTES = (CodeSignOnCopy, RemoveHeadersOnCopy, ); }; };
		13065A7B218658350044DB50 /* UserDefaultsViewController.swift in Sources */ = {isa = PBXBuildFile; fileRef = 13065A7A218658350044DB50 /* UserDefaultsViewController.swift */; };
		13065A7D21865AD20044DB50 /* UserDefaultsDataController.swift in Sources */ = {isa = PBXBuildFile; fileRef = 13065A7C21865AD20044DB50 /* UserDefaultsDataController.swift */; };
		13065A8021865EB80044DB50 /* DirectoryViewController.swift in Sources */ = {isa = PBXBuildFile; fileRef = 13065A7F21865EB80044DB50 /* DirectoryViewController.swift */; };
		13065A8221865EF00044DB50 /* DirectoryDebugConfiguration.swift in Sources */ = {isa = PBXBuildFile; fileRef = 13065A8121865EF00044DB50 /* DirectoryDebugConfiguration.swift */; };
		13065A84218661770044DB50 /* DirectoryDataController.swift in Sources */ = {isa = PBXBuildFile; fileRef = 13065A83218661770044DB50 /* DirectoryDataController.swift */; };
		13065A87218665D10044DB50 /* CoreDataDebugConfiguration.swift in Sources */ = {isa = PBXBuildFile; fileRef = 13065A86218665D10044DB50 /* CoreDataDebugConfiguration.swift */; };
		13065A89218666170044DB50 /* CoreDataViewController.swift in Sources */ = {isa = PBXBuildFile; fileRef = 13065A88218666170044DB50 /* CoreDataViewController.swift */; };
		13065A8D218666B90044DB50 /* Database.xcdatamodeld in Sources */ = {isa = PBXBuildFile; fileRef = 13065A8B218666B90044DB50 /* Database.xcdatamodeld */; };
		131998A4218C631C0006CCA6 /* LocationDataController.swift in Sources */ = {isa = PBXBuildFile; fileRef = 131998A3218C631C0006CCA6 /* LocationDataController.swift */; };
		131998A6218DE8540006CCA6 /* CLLocationManager+Utilities.swift in Sources */ = {isa = PBXBuildFile; fileRef = 131998A5218DE8540006CCA6 /* CLLocationManager+Utilities.swift */; };
		131998A8218DEA8C0006CCA6 /* DebugValue.swift in Sources */ = {isa = PBXBuildFile; fileRef = 131998A7218DEA8C0006CCA6 /* DebugValue.swift */; };
		139D979B2187ED74008C4989 /* CoreDataDataController.swift in Sources */ = {isa = PBXBuildFile; fileRef = 139D979A2187ED74008C4989 /* CoreDataDataController.swift */; };
		139D979D2187EFB5008C4989 /* ManagedObjectsViewController.swift in Sources */ = {isa = PBXBuildFile; fileRef = 139D979C2187EFB5008C4989 /* ManagedObjectsViewController.swift */; };
		139D97A02187EFDE008C4989 /* ManagedObjectsDataController.swift in Sources */ = {isa = PBXBuildFile; fileRef = 139D979F2187EFDE008C4989 /* ManagedObjectsDataController.swift */; };
		139D97A22187F110008C4989 /* NSManagedObject+Debug.swift in Sources */ = {isa = PBXBuildFile; fileRef = 139D97A12187F110008C4989 /* NSManagedObject+Debug.swift */; };
		139D97A52187F360008C4989 /* ManagedObjectViewController.swift in Sources */ = {isa = PBXBuildFile; fileRef = 139D97A42187F360008C4989 /* ManagedObjectViewController.swift */; };
		139D97A72187F6A2008C4989 /* ManagedObjectDataController.swift in Sources */ = {isa = PBXBuildFile; fileRef = 139D97A62187F6A2008C4989 /* ManagedObjectDataController.swift */; };
		139D97AA21886DB0008C4989 /* UserNotifications+Utilities.swift in Sources */ = {isa = PBXBuildFile; fileRef = 139D97A921886DB0008C4989 /* UserNotifications+Utilities.swift */; };
		139D97AC21886DCA008C4989 /* UserNotificationsConfiguration.swift in Sources */ = {isa = PBXBuildFile; fileRef = 139D97AB21886DCA008C4989 /* UserNotificationsConfiguration.swift */; };
		139D97AE21886E22008C4989 /* UserNotificationsViewController.swift in Sources */ = {isa = PBXBuildFile; fileRef = 139D97AD21886E22008C4989 /* UserNotificationsViewController.swift */; };
		139D97B021886EB1008C4989 /* UserNotificationsDataController.swift in Sources */ = {isa = PBXBuildFile; fileRef = 139D97AF21886EB1008C4989 /* UserNotificationsDataController.swift */; };
		139D97B22188F6C9008C4989 /* Cell.swift in Sources */ = {isa = PBXBuildFile; fileRef = 139D97B12188F6C9008C4989 /* Cell.swift */; };
		139D97B52188FBF2008C4989 /* NotificationRequestViewController.swift in Sources */ = {isa = PBXBuildFile; fileRef = 139D97B42188FBF2008C4989 /* NotificationRequestViewController.swift */; };
		139D97B721890D2D008C4989 /* NotificationRequestDataController.swift in Sources */ = {isa = PBXBuildFile; fileRef = 139D97B621890D2D008C4989 /* NotificationRequestDataController.swift */; };
		139D97BA2189C0A8008C4989 /* LocationViewController.swift in Sources */ = {isa = PBXBuildFile; fileRef = 139D97B92189C0A8008C4989 /* LocationViewController.swift */; };
		139D97BC2189C0F4008C4989 /* LocationConfiguration.swift in Sources */ = {isa = PBXBuildFile; fileRef = 139D97BB2189C0F4008C4989 /* LocationConfiguration.swift */; };
/* End PBXBuildFile section */

/* Begin PBXContainerItemProxy section */
		13065A77218648D70044DB50 /* PBXContainerItemProxy */ = {
			isa = PBXContainerItemProxy;
			containerPortal = 13065A3121863FF00044DB50 /* Project object */;
			proxyType = 1;
			remoteGlobalIDString = 13065A3921863FF00044DB50;
			remoteInfo = XYDebugKit;
		};
/* End PBXContainerItemProxy section */

/* Begin PBXCopyFilesBuildPhase section */
		13065A79218648D70044DB50 /* Embed Frameworks */ = {
			isa = PBXCopyFilesBuildPhase;
			buildActionMask = 2147483647;
			dstPath = "";
			dstSubfolderSpec = 10;
			files = (
				13065A76218648D70044DB50 /* XYDebugKit.framework in Embed Frameworks */,
			);
			name = "Embed Frameworks";
			runOnlyForDeploymentPostprocessing = 0;
		};
/* End PBXCopyFilesBuildPhase section */

/* Begin PBXFileReference section */
		13065A3A21863FF00044DB50 /* XYDebugKit.framework */ = {isa = PBXFileReference; explicitFileType = wrapper.framework; includeInIndex = 0; path = XYDebugKit.framework; sourceTree = BUILT_PRODUCTS_DIR; };
		13065A3D21863FF00044DB50 /* XYDebugKit.h */ = {isa = PBXFileReference; lastKnownFileType = sourcecode.c.h; path = XYDebugKit.h; sourceTree = "<group>"; };
		13065A3E21863FF00044DB50 /* Info.plist */ = {isa = PBXFileReference; lastKnownFileType = text.plist.xml; path = Info.plist; sourceTree = "<group>"; };
		13065A46218640070044DB50 /* DebugConfiguration.swift */ = {isa = PBXFileReference; lastKnownFileType = sourcecode.swift; path = DebugConfiguration.swift; sourceTree = "<group>"; };
		13065A482186401A0044DB50 /* UserDefaultsDebugConfiguration.swift */ = {isa = PBXFileReference; lastKnownFileType = sourcecode.swift; path = UserDefaultsDebugConfiguration.swift; sourceTree = "<group>"; };
		13065A4B218640530044DB50 /* DebugConfigurationsViewController.swift */ = {isa = PBXFileReference; lastKnownFileType = sourcecode.swift; path = DebugConfigurationsViewController.swift; sourceTree = "<group>"; };
		13065A4E218640BE0044DB50 /* UITableView+Registration.swift */ = {isa = PBXFileReference; lastKnownFileType = sourcecode.swift; path = "UITableView+Registration.swift"; sourceTree = "<group>"; };
		13065A52218642A30044DB50 /* DebugCell.swift */ = {isa = PBXFileReference; lastKnownFileType = sourcecode.swift; path = DebugCell.swift; sourceTree = "<group>"; };
		13065A55218644530044DB50 /* DebugViewController.swift */ = {isa = PBXFileReference; lastKnownFileType = sourcecode.swift; path = DebugViewController.swift; sourceTree = "<group>"; };
		13065A572186453F0044DB50 /* UIView+Autolayout.swift */ = {isa = PBXFileReference; lastKnownFileType = sourcecode.swift; path = "UIView+Autolayout.swift"; sourceTree = "<group>"; };
		13065A5D218646780044DB50 /* Demo.app */ = {isa = PBXFileReference; explicitFileType = wrapper.application; includeInIndex = 0; path = Demo.app; sourceTree = BUILT_PRODUCTS_DIR; };
		13065A5F218646780044DB50 /* AppDelegate.swift */ = {isa = PBXFileReference; lastKnownFileType = sourcecode.swift; path = AppDelegate.swift; sourceTree = "<group>"; };
		13065A66218646850044DB50 /* Assets.xcassets */ = {isa = PBXFileReference; lastKnownFileType = folder.assetcatalog; path = Assets.xcassets; sourceTree = "<group>"; };
		13065A69218646850044DB50 /* Base */ = {isa = PBXFileReference; lastKnownFileType = file.storyboard; name = Base; path = Base.lproj/LaunchScreen.storyboard; sourceTree = "<group>"; };
		13065A6B218646850044DB50 /* Info.plist */ = {isa = PBXFileReference; lastKnownFileType = text.plist.xml; path = Info.plist; sourceTree = "<group>"; };
		13065A71218646DD0044DB50 /* AppCoordinator.swift */ = {isa = PBXFileReference; lastKnownFileType = sourcecode.swift; path = AppCoordinator.swift; sourceTree = "<group>"; };
		13065A73218647840044DB50 /* RootViewController.swift */ = {isa = PBXFileReference; lastKnownFileType = sourcecode.swift; path = RootViewController.swift; sourceTree = "<group>"; };
		13065A7A218658350044DB50 /* UserDefaultsViewController.swift */ = {isa = PBXFileReference; lastKnownFileType = sourcecode.swift; path = UserDefaultsViewController.swift; sourceTree = "<group>"; };
		13065A7C21865AD20044DB50 /* UserDefaultsDataController.swift */ = {isa = PBXFileReference; lastKnownFileType = sourcecode.swift; path = UserDefaultsDataController.swift; sourceTree = "<group>"; };
		13065A7F21865EB80044DB50 /* DirectoryViewController.swift */ = {isa = PBXFileReference; lastKnownFileType = sourcecode.swift; path = DirectoryViewController.swift; sourceTree = "<group>"; };
		13065A8121865EF00044DB50 /* DirectoryDebugConfiguration.swift */ = {isa = PBXFileReference; lastKnownFileType = sourcecode.swift; path = DirectoryDebugConfiguration.swift; sourceTree = "<group>"; };
		13065A83218661770044DB50 /* DirectoryDataController.swift */ = {isa = PBXFileReference; lastKnownFileType = sourcecode.swift; path = DirectoryDataController.swift; sourceTree = "<group>"; };
		13065A86218665D10044DB50 /* CoreDataDebugConfiguration.swift */ = {isa = PBXFileReference; lastKnownFileType = sourcecode.swift; path = CoreDataDebugConfiguration.swift; sourceTree = "<group>"; };
		13065A88218666170044DB50 /* CoreDataViewController.swift */ = {isa = PBXFileReference; lastKnownFileType = sourcecode.swift; path = CoreDataViewController.swift; sourceTree = "<group>"; };
		13065A8C218666B90044DB50 /* Database.xcdatamodel */ = {isa = PBXFileReference; lastKnownFileType = wrapper.xcdatamodel; path = Database.xcdatamodel; sourceTree = "<group>"; };
		131998A3218C631C0006CCA6 /* LocationDataController.swift */ = {isa = PBXFileReference; lastKnownFileType = sourcecode.swift; path = LocationDataController.swift; sourceTree = "<group>"; };
		131998A5218DE8540006CCA6 /* CLLocationManager+Utilities.swift */ = {isa = PBXFileReference; lastKnownFileType = sourcecode.swift; path = "CLLocationManager+Utilities.swift"; sourceTree = "<group>"; };
		131998A7218DEA8C0006CCA6 /* DebugValue.swift */ = {isa = PBXFileReference; lastKnownFileType = sourcecode.swift; path = DebugValue.swift; sourceTree = "<group>"; };
		139D979A2187ED74008C4989 /* CoreDataDataController.swift */ = {isa = PBXFileReference; lastKnownFileType = sourcecode.swift; path = CoreDataDataController.swift; sourceTree = "<group>"; };
		139D979C2187EFB5008C4989 /* ManagedObjectsViewController.swift */ = {isa = PBXFileReference; lastKnownFileType = sourcecode.swift; path = ManagedObjectsViewController.swift; sourceTree = "<group>"; };
		139D979F2187EFDE008C4989 /* ManagedObjectsDataController.swift */ = {isa = PBXFileReference; lastKnownFileType = sourcecode.swift; path = ManagedObjectsDataController.swift; sourceTree = "<group>"; };
		139D97A12187F110008C4989 /* NSManagedObject+Debug.swift */ = {isa = PBXFileReference; lastKnownFileType = sourcecode.swift; path = "NSManagedObject+Debug.swift"; sourceTree = "<group>"; };
		139D97A42187F360008C4989 /* ManagedObjectViewController.swift */ = {isa = PBXFileReference; lastKnownFileType = sourcecode.swift; path = ManagedObjectViewController.swift; sourceTree = "<group>"; };
		139D97A62187F6A2008C4989 /* ManagedObjectDataController.swift */ = {isa = PBXFileReference; lastKnownFileType = sourcecode.swift; path = ManagedObjectDataController.swift; sourceTree = "<group>"; };
		139D97A921886DB0008C4989 /* UserNotifications+Utilities.swift */ = {isa = PBXFileReference; lastKnownFileType = sourcecode.swift; path = "UserNotifications+Utilities.swift"; sourceTree = "<group>"; };
		139D97AB21886DCA008C4989 /* UserNotificationsConfiguration.swift */ = {isa = PBXFileReference; lastKnownFileType = sourcecode.swift; path = UserNotificationsConfiguration.swift; sourceTree = "<group>"; };
		139D97AD21886E22008C4989 /* UserNotificationsViewController.swift */ = {isa = PBXFileReference; lastKnownFileType = sourcecode.swift; path = UserNotificationsViewController.swift; sourceTree = "<group>"; };
		139D97AF21886EB1008C4989 /* UserNotificationsDataController.swift */ = {isa = PBXFileReference; lastKnownFileType = sourcecode.swift; path = UserNotificationsDataController.swift; sourceTree = "<group>"; };
		139D97B12188F6C9008C4989 /* Cell.swift */ = {isa = PBXFileReference; lastKnownFileType = sourcecode.swift; path = Cell.swift; sourceTree = "<group>"; };
		139D97B42188FBF2008C4989 /* NotificationRequestViewController.swift */ = {isa = PBXFileReference; lastKnownFileType = sourcecode.swift; path = NotificationRequestViewController.swift; sourceTree = "<group>"; };
		139D97B621890D2D008C4989 /* NotificationRequestDataController.swift */ = {isa = PBXFileReference; lastKnownFileType = sourcecode.swift; path = NotificationRequestDataController.swift; sourceTree = "<group>"; };
		139D97B92189C0A8008C4989 /* LocationViewController.swift */ = {isa = PBXFileReference; lastKnownFileType = sourcecode.swift; path = LocationViewController.swift; sourceTree = "<group>"; };
		139D97BB2189C0F4008C4989 /* LocationConfiguration.swift */ = {isa = PBXFileReference; lastKnownFileType = sourcecode.swift; path = LocationConfiguration.swift; sourceTree = "<group>"; };
/* End PBXFileReference section */

/* Begin PBXFrameworksBuildPhase section */
		13065A3721863FF00044DB50 /* Frameworks */ = {
			isa = PBXFrameworksBuildPhase;
			buildActionMask = 2147483647;
			files = (
			);
			runOnlyForDeploymentPostprocessing = 0;
		};
		13065A5A218646780044DB50 /* Frameworks */ = {
			isa = PBXFrameworksBuildPhase;
			buildActionMask = 2147483647;
			files = (
				13065A75218648D70044DB50 /* XYDebugKit.framework in Frameworks */,
			);
			runOnlyForDeploymentPostprocessing = 0;
		};
/* End PBXFrameworksBuildPhase section */

/* Begin PBXGroup section */
		13065A3021863FF00044DB50 = {
			isa = PBXGroup;
			children = (
				13065A3C21863FF00044DB50 /* XYDebugKit */,
				13065A5E218646780044DB50 /* Demo */,
				13065A3B21863FF00044DB50 /* Products */,
			);
			sourceTree = "<group>";
		};
		13065A3B21863FF00044DB50 /* Products */ = {
			isa = PBXGroup;
			children = (
				13065A3A21863FF00044DB50 /* XYDebugKit.framework */,
				13065A5D218646780044DB50 /* Demo.app */,
			);
			name = Products;
			sourceTree = "<group>";
		};
		13065A3C21863FF00044DB50 /* XYDebugKit */ = {
			isa = PBXGroup;
			children = (
				13065A4D218640AD0044DB50 /* Common */,
				13065A85218665BB0044DB50 /* CoreData */,
				13065A54218644450044DB50 /* Debug */,
				13065A4A218640460044DB50 /* DebugConfigurations */,
				13065A7E21865E900044DB50 /* Directory */,
				139D97B82189C088008C4989 /* Location */,
				13065A502186415C0044DB50 /* UserDefaults */,
				139D97A821886D8D008C4989 /* UserNotifications */,
				13065A51218641890044DB50 /* Supporting Files */,
			);
			path = XYDebugKit;
			sourceTree = "<group>";
		};
		13065A4A218640460044DB50 /* DebugConfigurations */ = {
			isa = PBXGroup;
			children = (
				13065A46218640070044DB50 /* DebugConfiguration.swift */,
				13065A4B218640530044DB50 /* DebugConfigurationsViewController.swift */,
			);
			path = DebugConfigurations;
			sourceTree = "<group>";
		};
		13065A4D218640AD0044DB50 /* Common */ = {
			isa = PBXGroup;
			children = (
				13065A52218642A30044DB50 /* DebugCell.swift */,
				131998A7218DEA8C0006CCA6 /* DebugValue.swift */,
				13065A4E218640BE0044DB50 /* UITableView+Registration.swift */,
				13065A572186453F0044DB50 /* UIView+Autolayout.swift */,
			);
			path = Common;
			sourceTree = "<group>";
		};
		13065A502186415C0044DB50 /* UserDefaults */ = {
			isa = PBXGroup;
			children = (
				13065A482186401A0044DB50 /* UserDefaultsDebugConfiguration.swift */,
				13065A7C21865AD20044DB50 /* UserDefaultsDataController.swift */,
				13065A7A218658350044DB50 /* UserDefaultsViewController.swift */,
			);
			path = UserDefaults;
			sourceTree = "<group>";
		};
		13065A51218641890044DB50 /* Supporting Files */ = {
			isa = PBXGroup;
			children = (
				13065A3D21863FF00044DB50 /* XYDebugKit.h */,
				13065A3E21863FF00044DB50 /* Info.plist */,
			);
			name = "Supporting Files";
			sourceTree = "<group>";
		};
		13065A54218644450044DB50 /* Debug */ = {
			isa = PBXGroup;
			children = (
				13065A55218644530044DB50 /* DebugViewController.swift */,
			);
			path = Debug;
			sourceTree = "<group>";
		};
		13065A5E218646780044DB50 /* Demo */ = {
			isa = PBXGroup;
			children = (
				13065A6F218646960044DB50 /* App */,
				13065A8A218666AB0044DB50 /* CoreData */,
				13065A702186469E0044DB50 /* Supporting Files */,
			);
			path = Demo;
			sourceTree = "<group>";
		};
		13065A6F218646960044DB50 /* App */ = {
			isa = PBXGroup;
			children = (
				13065A71218646DD0044DB50 /* AppCoordinator.swift */,
				13065A5F218646780044DB50 /* AppDelegate.swift */,
				139D97B12188F6C9008C4989 /* Cell.swift */,
				13065A73218647840044DB50 /* RootViewController.swift */,
			);
			path = App;
			sourceTree = "<group>";
		};
		13065A702186469E0044DB50 /* Supporting Files */ = {
			isa = PBXGroup;
			children = (
				13065A66218646850044DB50 /* Assets.xcassets */,
				13065A68218646850044DB50 /* LaunchScreen.storyboard */,
				13065A6B218646850044DB50 /* Info.plist */,
			);
			name = "Supporting Files";
			sourceTree = "<group>";
		};
		13065A7E21865E900044DB50 /* Directory */ = {
			isa = PBXGroup;
			children = (
				13065A8121865EF00044DB50 /* DirectoryDebugConfiguration.swift */,
				13065A83218661770044DB50 /* DirectoryDataController.swift */,
				13065A7F21865EB80044DB50 /* DirectoryViewController.swift */,
			);
			path = Directory;
			sourceTree = "<group>";
		};
		13065A85218665BB0044DB50 /* CoreData */ = {
			isa = PBXGroup;
			children = (
				13065A86218665D10044DB50 /* CoreDataDebugConfiguration.swift */,
				139D979A2187ED74008C4989 /* CoreDataDataController.swift */,
				13065A88218666170044DB50 /* CoreDataViewController.swift */,
				139D97A32187F340008C4989 /* ManagedObject */,
				139D979E2187EFCD008C4989 /* ManagedObjects */,
			);
			path = CoreData;
			sourceTree = "<group>";
		};
		13065A8A218666AB0044DB50 /* CoreData */ = {
			isa = PBXGroup;
			children = (
				13065A8B218666B90044DB50 /* Database.xcdatamodeld */,
			);
			path = CoreData;
			sourceTree = "<group>";
		};
		139D979E2187EFCD008C4989 /* ManagedObjects */ = {
			isa = PBXGroup;
			children = (
				139D979F2187EFDE008C4989 /* ManagedObjectsDataController.swift */,
				139D979C2187EFB5008C4989 /* ManagedObjectsViewController.swift */,
				139D97A12187F110008C4989 /* NSManagedObject+Debug.swift */,
			);
			path = ManagedObjects;
			sourceTree = "<group>";
		};
		139D97A32187F340008C4989 /* ManagedObject */ = {
			isa = PBXGroup;
			children = (
				139D97A62187F6A2008C4989 /* ManagedObjectDataController.swift */,
				139D97A42187F360008C4989 /* ManagedObjectViewController.swift */,
			);
			path = ManagedObject;
			sourceTree = "<group>";
		};
		139D97A821886D8D008C4989 /* UserNotifications */ = {
			isa = PBXGroup;
			children = (
				139D97AB21886DCA008C4989 /* UserNotificationsConfiguration.swift */,
				139D97AF21886EB1008C4989 /* UserNotificationsDataController.swift */,
				139D97AD21886E22008C4989 /* UserNotificationsViewController.swift */,
				139D97A921886DB0008C4989 /* UserNotifications+Utilities.swift */,
				139D97B32188FBDF008C4989 /* NotificationRequest */,
			);
			path = UserNotifications;
			sourceTree = "<group>";
		};
		139D97B32188FBDF008C4989 /* NotificationRequest */ = {
			isa = PBXGroup;
			children = (
				139D97B621890D2D008C4989 /* NotificationRequestDataController.swift */,
				139D97B42188FBF2008C4989 /* NotificationRequestViewController.swift */,
			);
			path = NotificationRequest;
			sourceTree = "<group>";
		};
		139D97B82189C088008C4989 /* Location */ = {
			isa = PBXGroup;
			children = (
				131998A5218DE8540006CCA6 /* CLLocationManager+Utilities.swift */,
				139D97BB2189C0F4008C4989 /* LocationConfiguration.swift */,
				131998A3218C631C0006CCA6 /* LocationDataController.swift */,
				139D97B92189C0A8008C4989 /* LocationViewController.swift */,
			);
			path = Location;
			sourceTree = "<group>";
		};
/* End PBXGroup section */

/* Begin PBXHeadersBuildPhase section */
		13065A3521863FF00044DB50 /* Headers */ = {
			isa = PBXHeadersBuildPhase;
			buildActionMask = 2147483647;
			files = (
				13065A3F21863FF00044DB50 /* XYDebugKit.h in Headers */,
			);
			runOnlyForDeploymentPostprocessing = 0;
		};
/* End PBXHeadersBuildPhase section */

/* Begin PBXNativeTarget section */
		13065A3921863FF00044DB50 /* XYDebugKit */ = {
			isa = PBXNativeTarget;
			buildConfigurationList = 13065A4221863FF00044DB50 /* Build configuration list for PBXNativeTarget "XYDebugKit" */;
			buildPhases = (
				13065A3521863FF00044DB50 /* Headers */,
				13065A3621863FF00044DB50 /* Sources */,
				13065A3721863FF00044DB50 /* Frameworks */,
				13065A3821863FF00044DB50 /* Resources */,
			);
			buildRules = (
			);
			dependencies = (
			);
			name = XYDebugKit;
			productName = XYDebugKit;
			productReference = 13065A3A21863FF00044DB50 /* XYDebugKit.framework */;
			productType = "com.apple.product-type.framework";
		};
		13065A5C218646780044DB50 /* Demo */ = {
			isa = PBXNativeTarget;
			buildConfigurationList = 13065A6C218646850044DB50 /* Build configuration list for PBXNativeTarget "Demo" */;
			buildPhases = (
				13065A59218646780044DB50 /* Sources */,
				13065A5A218646780044DB50 /* Frameworks */,
				13065A5B218646780044DB50 /* Resources */,
				13065A79218648D70044DB50 /* Embed Frameworks */,
			);
			buildRules = (
			);
			dependencies = (
				13065A78218648D70044DB50 /* PBXTargetDependency */,
			);
			name = Demo;
			productName = Demo;
			productReference = 13065A5D218646780044DB50 /* Demo.app */;
			productType = "com.apple.product-type.application";
		};
/* End PBXNativeTarget section */

/* Begin PBXProject section */
		13065A3121863FF00044DB50 /* Project object */ = {
			isa = PBXProject;
			attributes = {
				LastSwiftUpdateCheck = 1000;
				LastUpgradeCheck = 1000;
				ORGANIZATIONNAME = "Xiao Yao";
				TargetAttributes = {
					13065A3921863FF00044DB50 = {
						CreatedOnToolsVersion = 10.0;
						LastSwiftMigration = 1020;
					};
					13065A5C218646780044DB50 = {
						CreatedOnToolsVersion = 10.0;
					};
				};
			};
			buildConfigurationList = 13065A3421863FF00044DB50 /* Build configuration list for PBXProject "XYDebugKit" */;
			compatibilityVersion = "Xcode 9.3";
			developmentRegion = en;
			hasScannedForEncodings = 0;
			knownRegions = (
				en,
				Base,
			);
			mainGroup = 13065A3021863FF00044DB50;
			productRefGroup = 13065A3B21863FF00044DB50 /* Products */;
			projectDirPath = "";
			projectRoot = "";
			targets = (
				13065A3921863FF00044DB50 /* XYDebugKit */,
				13065A5C218646780044DB50 /* Demo */,
			);
		};
/* End PBXProject section */

/* Begin PBXResourcesBuildPhase section */
		13065A3821863FF00044DB50 /* Resources */ = {
			isa = PBXResourcesBuildPhase;
			buildActionMask = 2147483647;
			files = (
			);
			runOnlyForDeploymentPostprocessing = 0;
		};
		13065A5B218646780044DB50 /* Resources */ = {
			isa = PBXResourcesBuildPhase;
			buildActionMask = 2147483647;
			files = (
				13065A6A218646850044DB50 /* LaunchScreen.storyboard in Resources */,
				13065A67218646850044DB50 /* Assets.xcassets in Resources */,
			);
			runOnlyForDeploymentPostprocessing = 0;
		};
/* End PBXResourcesBuildPhase section */

/* Begin PBXSourcesBuildPhase section */
		13065A3621863FF00044DB50 /* Sources */ = {
			isa = PBXSourcesBuildPhase;
			buildActionMask = 2147483647;
			files = (
				13065A56218644530044DB50 /* DebugViewController.swift in Sources */,
				131998A4218C631C0006CCA6 /* LocationDataController.swift in Sources */,
				131998A6218DE8540006CCA6 /* CLLocationManager+Utilities.swift in Sources */,
				139D97B52188FBF2008C4989 /* NotificationRequestViewController.swift in Sources */,
				139D97B721890D2D008C4989 /* NotificationRequestDataController.swift in Sources */,
				139D97BC2189C0F4008C4989 /* LocationConfiguration.swift in Sources */,
				13065A8221865EF00044DB50 /* DirectoryDebugConfiguration.swift in Sources */,
				13065A582186453F0044DB50 /* UIView+Autolayout.swift in Sources */,
				131998A8218DEA8C0006CCA6 /* DebugValue.swift in Sources */,
				139D97A02187EFDE008C4989 /* ManagedObjectsDataController.swift in Sources */,
				139D97BA2189C0A8008C4989 /* LocationViewController.swift in Sources */,
				13065A89218666170044DB50 /* CoreDataViewController.swift in Sources */,
				13065A7B218658350044DB50 /* UserDefaultsViewController.swift in Sources */,
				13065A7D21865AD20044DB50 /* UserDefaultsDataController.swift in Sources */,
				139D97B021886EB1008C4989 /* UserNotificationsDataController.swift in Sources */,
				139D979B2187ED74008C4989 /* CoreDataDataController.swift in Sources */,
				139D97AA21886DB0008C4989 /* UserNotifications+Utilities.swift in Sources */,
				13065A87218665D10044DB50 /* CoreDataDebugConfiguration.swift in Sources */,
				139D97AC21886DCA008C4989 /* UserNotificationsConfiguration.swift in Sources */,
				13065A4F218640BE0044DB50 /* UITableView+Registration.swift in Sources */,
				139D97A72187F6A2008C4989 /* ManagedObjectDataController.swift in Sources */,
				13065A4C218640530044DB50 /* DebugConfigurationsViewController.swift in Sources */,
				139D97AE21886E22008C4989 /* UserNotificationsViewController.swift in Sources */,
				13065A84218661770044DB50 /* DirectoryDataController.swift in Sources */,
				13065A47218640070044DB50 /* DebugConfiguration.swift in Sources */,
				13065A492186401A0044DB50 /* UserDefaultsDebugConfiguration.swift in Sources */,
				13065A8021865EB80044DB50 /* DirectoryViewController.swift in Sources */,
				139D97A22187F110008C4989 /* NSManagedObject+Debug.swift in Sources */,
				13065A53218642A30044DB50 /* DebugCell.swift in Sources */,
				139D979D2187EFB5008C4989 /* ManagedObjectsViewController.swift in Sources */,
				139D97A52187F360008C4989 /* ManagedObjectViewController.swift in Sources */,
			);
			runOnlyForDeploymentPostprocessing = 0;
		};
		13065A59218646780044DB50 /* Sources */ = {
			isa = PBXSourcesBuildPhase;
			buildActionMask = 2147483647;
			files = (
				13065A72218646DD0044DB50 /* AppCoordinator.swift in Sources */,
				13065A60218646780044DB50 /* AppDelegate.swift in Sources */,
				139D97B22188F6C9008C4989 /* Cell.swift in Sources */,
				13065A8D218666B90044DB50 /* Database.xcdatamodeld in Sources */,
				13065A74218647840044DB50 /* RootViewController.swift in Sources */,
			);
			runOnlyForDeploymentPostprocessing = 0;
		};
/* End PBXSourcesBuildPhase section */

/* Begin PBXTargetDependency section */
		13065A78218648D70044DB50 /* PBXTargetDependency */ = {
			isa = PBXTargetDependency;
			target = 13065A3921863FF00044DB50 /* XYDebugKit */;
			targetProxy = 13065A77218648D70044DB50 /* PBXContainerItemProxy */;
		};
/* End PBXTargetDependency section */

/* Begin PBXVariantGroup section */
		13065A68218646850044DB50 /* LaunchScreen.storyboard */ = {
			isa = PBXVariantGroup;
			children = (
				13065A69218646850044DB50 /* Base */,
			);
			name = LaunchScreen.storyboard;
			sourceTree = "<group>";
		};
/* End PBXVariantGroup section */

/* Begin XCBuildConfiguration section */
		13065A4021863FF00044DB50 /* Debug */ = {
			isa = XCBuildConfiguration;
			buildSettings = {
				ALWAYS_SEARCH_USER_PATHS = NO;
				CLANG_ANALYZER_NONNULL = YES;
				CLANG_ANALYZER_NUMBER_OBJECT_CONVERSION = YES_AGGRESSIVE;
				CLANG_CXX_LANGUAGE_STANDARD = "gnu++14";
				CLANG_CXX_LIBRARY = "libc++";
				CLANG_ENABLE_MODULES = YES;
				CLANG_ENABLE_OBJC_ARC = YES;
				CLANG_ENABLE_OBJC_WEAK = YES;
				CLANG_WARN_BLOCK_CAPTURE_AUTORELEASING = YES;
				CLANG_WARN_BOOL_CONVERSION = YES;
				CLANG_WARN_COMMA = YES;
				CLANG_WARN_CONSTANT_CONVERSION = YES;
				CLANG_WARN_DEPRECATED_OBJC_IMPLEMENTATIONS = YES;
				CLANG_WARN_DIRECT_OBJC_ISA_USAGE = YES_ERROR;
				CLANG_WARN_DOCUMENTATION_COMMENTS = YES;
				CLANG_WARN_EMPTY_BODY = YES;
				CLANG_WARN_ENUM_CONVERSION = YES;
				CLANG_WARN_INFINITE_RECURSION = YES;
				CLANG_WARN_INT_CONVERSION = YES;
				CLANG_WARN_NON_LITERAL_NULL_CONVERSION = YES;
				CLANG_WARN_OBJC_IMPLICIT_RETAIN_SELF = YES;
				CLANG_WARN_OBJC_LITERAL_CONVERSION = YES;
				CLANG_WARN_OBJC_ROOT_CLASS = YES_ERROR;
				CLANG_WARN_RANGE_LOOP_ANALYSIS = YES;
				CLANG_WARN_STRICT_PROTOTYPES = YES;
				CLANG_WARN_SUSPICIOUS_MOVE = YES;
				CLANG_WARN_UNGUARDED_AVAILABILITY = YES_AGGRESSIVE;
				CLANG_WARN_UNREACHABLE_CODE = YES;
				CLANG_WARN__DUPLICATE_METHOD_MATCH = YES;
				CODE_SIGN_IDENTITY = "iPhone Developer";
				COPY_PHASE_STRIP = NO;
				CURRENT_PROJECT_VERSION = 1;
				DEBUG_INFORMATION_FORMAT = dwarf;
				ENABLE_STRICT_OBJC_MSGSEND = YES;
				ENABLE_TESTABILITY = YES;
				GCC_C_LANGUAGE_STANDARD = gnu11;
				GCC_DYNAMIC_NO_PIC = NO;
				GCC_NO_COMMON_BLOCKS = YES;
				GCC_OPTIMIZATION_LEVEL = 0;
				GCC_PREPROCESSOR_DEFINITIONS = (
					"DEBUG=1",
					"$(inherited)",
				);
				GCC_WARN_64_TO_32_BIT_CONVERSION = YES;
				GCC_WARN_ABOUT_RETURN_TYPE = YES_ERROR;
				GCC_WARN_UNDECLARED_SELECTOR = YES;
				GCC_WARN_UNINITIALIZED_AUTOS = YES_AGGRESSIVE;
				GCC_WARN_UNUSED_FUNCTION = YES;
				GCC_WARN_UNUSED_VARIABLE = YES;
				IPHONEOS_DEPLOYMENT_TARGET = 12.0;
				MTL_ENABLE_DEBUG_INFO = INCLUDE_SOURCE;
				MTL_FAST_MATH = YES;
				ONLY_ACTIVE_ARCH = YES;
				SDKROOT = iphoneos;
				SWIFT_ACTIVE_COMPILATION_CONDITIONS = DEBUG;
				SWIFT_OPTIMIZATION_LEVEL = "-Onone";
				VERSIONING_SYSTEM = "apple-generic";
				VERSION_INFO_PREFIX = "";
			};
			name = Debug;
		};
		13065A4121863FF00044DB50 /* Release */ = {
			isa = XCBuildConfiguration;
			buildSettings = {
				ALWAYS_SEARCH_USER_PATHS = NO;
				CLANG_ANALYZER_NONNULL = YES;
				CLANG_ANALYZER_NUMBER_OBJECT_CONVERSION = YES_AGGRESSIVE;
				CLANG_CXX_LANGUAGE_STANDARD = "gnu++14";
				CLANG_CXX_LIBRARY = "libc++";
				CLANG_ENABLE_MODULES = YES;
				CLANG_ENABLE_OBJC_ARC = YES;
				CLANG_ENABLE_OBJC_WEAK = YES;
				CLANG_WARN_BLOCK_CAPTURE_AUTORELEASING = YES;
				CLANG_WARN_BOOL_CONVERSION = YES;
				CLANG_WARN_COMMA = YES;
				CLANG_WARN_CONSTANT_CONVERSION = YES;
				CLANG_WARN_DEPRECATED_OBJC_IMPLEMENTATIONS = YES;
				CLANG_WARN_DIRECT_OBJC_ISA_USAGE = YES_ERROR;
				CLANG_WARN_DOCUMENTATION_COMMENTS = YES;
				CLANG_WARN_EMPTY_BODY = YES;
				CLANG_WARN_ENUM_CONVERSION = YES;
				CLANG_WARN_INFINITE_RECURSION = YES;
				CLANG_WARN_INT_CONVERSION = YES;
				CLANG_WARN_NON_LITERAL_NULL_CONVERSION = YES;
				CLANG_WARN_OBJC_IMPLICIT_RETAIN_SELF = YES;
				CLANG_WARN_OBJC_LITERAL_CONVERSION = YES;
				CLANG_WARN_OBJC_ROOT_CLASS = YES_ERROR;
				CLANG_WARN_RANGE_LOOP_ANALYSIS = YES;
				CLANG_WARN_STRICT_PROTOTYPES = YES;
				CLANG_WARN_SUSPICIOUS_MOVE = YES;
				CLANG_WARN_UNGUARDED_AVAILABILITY = YES_AGGRESSIVE;
				CLANG_WARN_UNREACHABLE_CODE = YES;
				CLANG_WARN__DUPLICATE_METHOD_MATCH = YES;
				CODE_SIGN_IDENTITY = "iPhone Developer";
				COPY_PHASE_STRIP = NO;
				CURRENT_PROJECT_VERSION = 1;
				DEBUG_INFORMATION_FORMAT = "dwarf-with-dsym";
				ENABLE_NS_ASSERTIONS = NO;
				ENABLE_STRICT_OBJC_MSGSEND = YES;
				GCC_C_LANGUAGE_STANDARD = gnu11;
				GCC_NO_COMMON_BLOCKS = YES;
				GCC_WARN_64_TO_32_BIT_CONVERSION = YES;
				GCC_WARN_ABOUT_RETURN_TYPE = YES_ERROR;
				GCC_WARN_UNDECLARED_SELECTOR = YES;
				GCC_WARN_UNINITIALIZED_AUTOS = YES_AGGRESSIVE;
				GCC_WARN_UNUSED_FUNCTION = YES;
				GCC_WARN_UNUSED_VARIABLE = YES;
				IPHONEOS_DEPLOYMENT_TARGET = 12.0;
				MTL_ENABLE_DEBUG_INFO = NO;
				MTL_FAST_MATH = YES;
				SDKROOT = iphoneos;
				SWIFT_COMPILATION_MODE = wholemodule;
				SWIFT_OPTIMIZATION_LEVEL = "-O";
				VALIDATE_PRODUCT = YES;
				VERSIONING_SYSTEM = "apple-generic";
				VERSION_INFO_PREFIX = "";
			};
			name = Release;
		};
		13065A4321863FF00044DB50 /* Debug */ = {
			isa = XCBuildConfiguration;
			buildSettings = {
				CLANG_ENABLE_MODULES = YES;
				CODE_SIGN_IDENTITY = "";
				CODE_SIGN_STYLE = Automatic;
				DEFINES_MODULE = YES;
				DEVELOPMENT_TEAM = 98857CSCYP;
				DYLIB_COMPATIBILITY_VERSION = 1;
				DYLIB_CURRENT_VERSION = 1;
				DYLIB_INSTALL_NAME_BASE = "@rpath";
				INFOPLIST_FILE = XYDebugKit/Info.plist;
				INSTALL_PATH = "$(LOCAL_LIBRARY_DIR)/Frameworks";
				IPHONEOS_DEPLOYMENT_TARGET = 11.0;
				LD_RUNPATH_SEARCH_PATHS = (
					"$(inherited)",
					"@executable_path/Frameworks",
					"@loader_path/Frameworks",
				);
				PRODUCT_BUNDLE_IDENTIFIER = com.xiaoyao.XYDebugKit;
				PRODUCT_NAME = "$(TARGET_NAME:c99extidentifier)";
				SKIP_INSTALL = YES;
				SWIFT_OPTIMIZATION_LEVEL = "-Onone";
				SWIFT_VERSION = 5.0;
				TARGETED_DEVICE_FAMILY = "1,2";
			};
			name = Debug;
		};
		13065A4421863FF00044DB50 /* Release */ = {
			isa = XCBuildConfiguration;
			buildSettings = {
				CLANG_ENABLE_MODULES = YES;
				CODE_SIGN_IDENTITY = "";
				CODE_SIGN_STYLE = Automatic;
				DEFINES_MODULE = YES;
				DEVELOPMENT_TEAM = 98857CSCYP;
				DYLIB_COMPATIBILITY_VERSION = 1;
				DYLIB_CURRENT_VERSION = 1;
				DYLIB_INSTALL_NAME_BASE = "@rpath";
				INFOPLIST_FILE = XYDebugKit/Info.plist;
				INSTALL_PATH = "$(LOCAL_LIBRARY_DIR)/Frameworks";
				IPHONEOS_DEPLOYMENT_TARGET = 11.0;
				LD_RUNPATH_SEARCH_PATHS = (
					"$(inherited)",
					"@executable_path/Frameworks",
					"@loader_path/Frameworks",
				);
				PRODUCT_BUNDLE_IDENTIFIER = com.xiaoyao.XYDebugKit;
				PRODUCT_NAME = "$(TARGET_NAME:c99extidentifier)";
				SKIP_INSTALL = YES;
				SWIFT_VERSION = 5.0;
				TARGETED_DEVICE_FAMILY = "1,2";
			};
			name = Release;
		};
		13065A6D218646850044DB50 /* Debug */ = {
			isa = XCBuildConfiguration;
			buildSettings = {
				ALWAYS_EMBED_SWIFT_STANDARD_LIBRARIES = YES;
				ASSETCATALOG_COMPILER_APPICON_NAME = AppIcon;
				CODE_SIGN_STYLE = Automatic;
				DEVELOPMENT_TEAM = 98857CSCYP;
				INFOPLIST_FILE = Demo/Info.plist;
				IPHONEOS_DEPLOYMENT_TARGET = 11.0;
				LD_RUNPATH_SEARCH_PATHS = (
					"$(inherited)",
					"@executable_path/Frameworks",
				);
				PRODUCT_BUNDLE_IDENTIFIER = com.xiaoyao.demo;
				PRODUCT_NAME = "$(TARGET_NAME)";
				SWIFT_VERSION = 4.2;
				TARGETED_DEVICE_FAMILY = "1,2";
			};
			name = Debug;
		};
		13065A6E218646850044DB50 /* Release */ = {
			isa = XCBuildConfiguration;
			buildSettings = {
				ALWAYS_EMBED_SWIFT_STANDARD_LIBRARIES = YES;
				ASSETCATALOG_COMPILER_APPICON_NAME = AppIcon;
				CODE_SIGN_STYLE = Automatic;
				DEVELOPMENT_TEAM = 98857CSCYP;
				INFOPLIST_FILE = Demo/Info.plist;
				IPHONEOS_DEPLOYMENT_TARGET = 11.0;
				LD_RUNPATH_SEARCH_PATHS = (
					"$(inherited)",
					"@executable_path/Frameworks",
				);
				PRODUCT_BUNDLE_IDENTIFIER = com.xiaoyao.demo;
				PRODUCT_NAME = "$(TARGET_NAME)";
				SWIFT_VERSION = 4.2;
				TARGETED_DEVICE_FAMILY = "1,2";
			};
			name = Release;
		};
/* End XCBuildConfiguration section */

/* Begin XCConfigurationList section */
		13065A3421863FF00044DB50 /* Build configuration list for PBXProject "XYDebugKit" */ = {
			isa = XCConfigurationList;
			buildConfigurations = (
				13065A4021863FF00044DB50 /* Debug */,
				13065A4121863FF00044DB50 /* Release */,
			);
			defaultConfigurationIsVisible = 0;
			defaultConfigurationName = Release;
		};
		13065A4221863FF00044DB50 /* Build configuration list for PBXNativeTarget "XYDebugKit" */ = {
			isa = XCConfigurationList;
			buildConfigurations = (
				13065A4321863FF00044DB50 /* Debug */,
				13065A4421863FF00044DB50 /* Release */,
			);
			defaultConfigurationIsVisible = 0;
			defaultConfigurationName = Release;
		};
		13065A6C218646850044DB50 /* Build configuration list for PBXNativeTarget "Demo" */ = {
			isa = XCConfigurationList;
			buildConfigurations = (
				13065A6D218646850044DB50 /* Debug */,
				13065A6E218646850044DB50 /* Release */,
			);
			defaultConfigurationIsVisible = 0;
			defaultConfigurationName = Release;
		};
/* End XCConfigurationList section */

/* Begin XCVersionGroup section */
		13065A8B218666B90044DB50 /* Database.xcdatamodeld */ = {
			isa = XCVersionGroup;
			children = (
				13065A8C218666B90044DB50 /* Database.xcdatamodel */,
			);
			currentVersion = 13065A8C218666B90044DB50 /* Database.xcdatamodel */;
			path = Database.xcdatamodeld;
			sourceTree = "<group>";
			versionGroupType = wrapper.xcdatamodel;
		};
/* End XCVersionGroup section */
	};
	rootObject = 13065A3121863FF00044DB50 /* Project object */;
}
